schema: '2.0'
stages:
  fetch:
    cmd: "poetry run python src/data/fetch_air_data.py\ngit commit -am \"Updated raw
      air data on `date` with DVC pipeline and GitHub workflows\" || true\ngit push
      || True\ndvc push || True\n"
    deps:
    - path: src/data/fetch_air_data.py
      hash: md5
      md5: 6a3246a5a60397de0363951048f6c45f
      size: 779
    params:
      params.yaml:
        fetch.url: https://www.arso.gov.si/xml/zrak/ones_zrak_urni_podatki_7dni.xml
    outs:
    - path: data/raw/air/air_data.xml
      hash: md5
      md5: 2f6c28ec97c99cc0a0c89e09a5e4248b
      size: 1149654
  preprocess:
    cmd: "poetry run python src/data/preprocess_air_data.py\ngit commit -am \"Updated
      preprocessed air data on `date` with DVC pipeline and GitHub workflows\" ||
      true\ngit push || True\ndvc push || True\n"
    deps:
    - path: data/raw/air/air_data.xml
      hash: md5
      md5: 2f6c28ec97c99cc0a0c89e09a5e4248b
      size: 1149654
    - path: src/data/preprocess_air_data.py
      hash: md5
      md5: a2c4e6c4d6ec3d7c9275d0a69ae652d6
      size: 2550
    params:
      params.yaml:
        preprocess.station: {}
    outs:
    - path: data/preprocessed/air
      hash: md5
      md5: e5c66cdf658e06fce63e2b29afc78c8e.dir
      size: 513095
      nfiles: 23
