schema: '2.0'
stages:
  fetch:
    cmd: "poetry run python src/data/fetch_air_data.py\ngit commit -am \"Updated raw
      air data on `date` with DVC pipeline and GitHub workflows\" || true\ngit push
      || True\ndvc push || True\n"
    deps:
    - path: src/data/fetch_air_data.py
      hash: md5
      md5: b5a2ad34d5d01ec38155a8365d163dc8
      size: 748
    params:
      params.yaml:
        fetch.url: https://www.arso.gov.si/xml/zrak/ones_zrak_urni_podatki_7dni.xml
    outs:
    - path: data/raw/air/air_data.xml
      hash: md5
      md5: 97bbab321ed06e951d2f9fdabef0a8d9
      size: 1150987
  preprocess:
    cmd: "poetry run python src/data/preprocess_air_data.py\ngit commit -am \"Updated
      preprocessed air data on `date` with DVC pipeline and GitHub workflows\" ||
      true\ngit push || True\ndvc push || True\n"
    deps:
    - path: data/raw/air/air_data.xml
      hash: md5
      md5: a223080186790329c7e7fce382c24f98
      size: 1151418
    - path: src/data/preprocess_air_data.py
      hash: md5
      md5: 5f63e44f23539127a621e7509c29eced
      size: 2482
    params:
      params.yaml:
        preprocess.station: {}
    outs:
    - path: data/preprocessed/air
      hash: md5
      md5: 80e5b05d2b7e938cce0616400d58363f.dir
      size: 96168
      nfiles: 23
