schema: '2.0'
stages:
  fetch:
    cmd: "poetry run python src/data/fetch_air_data.py\ngit commit -am \"Updated raw
      air data on `date` with DVC pipeline and GitHub workflows\" || true\ngit push
      || True\ndvc push || True\n"
    deps:
    - path: src/data/fetch_air_data.py
      hash: md5
      md5: b5a2ad34d5d01ec38155a8365d163dc8
      size: 748
    params:
      params.yaml:
        fetch.url: https://www.arso.gov.si/xml/zrak/ones_zrak_urni_podatki_7dni.xml
    outs:
    - path: data/raw/air/air_data.xml
      hash: md5
      md5: b4a3cdf2a77106c66c3a4efa21920e12
      size: 1150200
  preprocess:
    cmd: "poetry run python src/data/preprocess_air_data.py\ngit commit -am \"Updated
      preprocessed air data on `date` with DVC pipeline and GitHub workflows\" ||
      true\ngit push || True\ndvc push || True\n"
    deps:
    - path: data/raw/air/air_data.xml
      hash: md5
      md5: b4a3cdf2a77106c66c3a4efa21920e12
      size: 1150200
    - path: src/data/preprocess_air_data.py
      hash: md5
      md5: 5f63e44f23539127a621e7509c29eced
      size: 2482
    params:
      params.yaml:
        preprocess.station: {}
    outs:
    - path: data/preprocessed/air
      hash: md5
      md5: 6c8665be90907a706445fa0591334834.dir
      size: 564749
      nfiles: 23
  test_data:
    cmd: "poetry run python src/data/test_data.py\n"
    deps:
    - path: data/preprocessed/air/
      hash: md5
      md5: 6c8665be90907a706445fa0591334834.dir
      size: 564749
      nfiles: 23
    - path: src/data/test_data.py
      hash: md5
      md5: 3eb77141b409b9248c7d2c5adc55e934
      size: 2379
    outs:
    - path: data/reference/air
      hash: md5
      md5: 29b916e64c348bbfdb937a2fe9c065c7.dir
      size: 178586
      nfiles: 23
